// !$*UTF8*$!
{
	archiveVersion = 1;
	classes = {
	};
	objectVersion = 46;
	objects = {

/* Begin PBXBuildFile section */
		2E35F4C614855D2200C94D40 /* UIKit.framework in Frameworks */ = {isa = PBXBuildFile; fileRef = 2E35F4C514855D2200C94D40 /* UIKit.framework */; };
		2E35F4C814855D2200C94D40 /* Foundation.framework in Frameworks */ = {isa = PBXBuildFile; fileRef = 2E35F4C714855D2200C94D40 /* Foundation.framework */; };
		2E35F4CA14855D2200C94D40 /* CoreGraphics.framework in Frameworks */ = {isa = PBXBuildFile; fileRef = 2E35F4C914855D2200C94D40 /* CoreGraphics.framework */; };
		2E35F4D014855D2200C94D40 /* InfoPlist.strings in Resources */ = {isa = PBXBuildFile; fileRef = 2E35F4CE14855D2200C94D40 /* InfoPlist.strings */; };
		2E35F4D214855D2200C94D40 /* main.m in Sources */ = {isa = PBXBuildFile; fileRef = 2E35F4D114855D2200C94D40 /* main.m */; };
		2E35F4D614855D2200C94D40 /* AppDelegate.m in Sources */ = {isa = PBXBuildFile; fileRef = 2E35F4D514855D2200C94D40 /* AppDelegate.m */; };
		2E35F4D914855D2200C94D40 /* ViewController.m in Sources */ = {isa = PBXBuildFile; fileRef = 2E35F4D814855D2200C94D40 /* ViewController.m */; };
		2E35F4DC14855D2300C94D40 /* ViewController.xib in Resources */ = {isa = PBXBuildFile; fileRef = 2E35F4DA14855D2200C94D40 /* ViewController.xib */; };
/* End PBXBuildFile section */

/* Begin PBXFileReference section */
		2E35F4C114855D2200C94D40 /* II2300.app */ = {isa = PBXFileReference; explicitFileType = wrapper.application; includeInIndex = 0; path = II2300.app; sourceTree = BUILT_PRODUCTS_DIR; };
		2E35F4C514855D2200C94D40 /* UIKit.framework */ = {isa = PBXFileReference; lastKnownFileType = wrapper.framework; name = UIKit.framework; path = System/Library/Frameworks/UIKit.framework; sourceTree = SDKROOT; };
		2E35F4C714855D2200C94D40 /* Foundation.framework */ = {isa = PBXFileReference; lastKnownFileType = wrapper.framework; name = Foundation.framework; path = System/Library/Frameworks/Foundation.framework; sourceTree = SDKROOT; };
		2E35F4C914855D2200C94D40 /* CoreGraphics.framework */ = {isa = PBXFileReference; lastKnownFileType = wrapper.framework; name = CoreGraphics.framework; path = System/Library/Frameworks/CoreGraphics.framework; sourceTree = SDKROOT; };
		2E35F4CD14855D2200C94D40 /* II2300-Info.plist */ = {isa = PBXFileReference; lastKnownFileType = text.plist.xml; path = "II2300-Info.plist"; sourceTree = "<group>"; };
		2E35F4CF14855D2200C94D40 /* en */ = {isa = PBXFileReference; lastKnownFileType = text.plist.strings; name = en; path = en.lproj/InfoPlist.strings; sourceTree = "<group>"; };
		2E35F4D114855D2200C94D40 /* main.m */ = {isa = PBXFileReference; lastKnownFileType = sourcecode.c.objc; path = main.m; sourceTree = "<group>"; };
		2E35F4D314855D2200C94D40 /* II2300-Prefix.pch */ = {isa = PBXFileReference; lastKnownFileType = sourcecode.c.h; path = "II2300-Prefix.pch"; sourceTree = "<group>"; };
		2E35F4D414855D2200C94D40 /* AppDelegate.h */ = {isa = PBXFileReference; lastKnownFileType = sourcecode.c.h; path = AppDelegate.h; sourceTree = "<group>"; };
		2E35F4D514855D2200C94D40 /* AppDelegate.m */ = {isa = PBXFileReference; lastKnownFileType = sourcecode.c.objc; path = AppDelegate.m; sourceTree = "<group>"; };
		2E35F4D714855D2200C94D40 /* ViewController.h */ = {isa = PBXFileReference; lastKnownFileType = sourcecode.c.h; path = ViewController.h; sourceTree = "<group>"; };
		2E35F4D814855D2200C94D40 /* ViewController.m */ = {isa = PBXFileReference; lastKnownFileType = sourcecode.c.objc; path = ViewController.m; sourceTree = "<group>"; };
		2E35F4DB14855D2200C94D40 /* en */ = {isa = PBXFileReference; lastKnownFileType = file.xib; name = en; path = en.lproj/ViewController.xib; sourceTree = "<group>"; };
/* End PBXFileReference section */

/* Begin PBXFrameworksBuildPhase section */
		2E35F4BE14855D2200C94D40 /* Frameworks */ = {
			isa = PBXFrameworksBuildPhase;
			buildActionMask = 2147483647;
			files = (
				2E35F4C614855D2200C94D40 /* UIKit.framework in Frameworks */,
				2E35F4C814855D2200C94D40 /* Foundation.framework in Frameworks */,
				2E35F4CA14855D2200C94D40 /* CoreGraphics.framework in Frameworks */,
			);
			runOnlyForDeploymentPostprocessing = 0;
		};
/* End PBXFrameworksBuildPhase section */

/* Begin PBXGroup section */
		2E35F4B614855D2200C94D40 = {
			isa = PBXGroup;
			children = (
				2E35F4CB14855D2200C94D40 /* II2300 */,
				2E35F4C414855D2200C94D40 /* Frameworks */,
				2E35F4C214855D2200C94D40 /* Products */,
			);
			sourceTree = "<group>";
		};
		2E35F4C214855D2200C94D40 /* Products */ = {
			isa = PBXGroup;
			children = (
				2E35F4C114855D2200C94D40 /* II2300.app */,
			);
			name = Products;
			sourceTree = "<group>";
		};
		2E35F4C414855D2200C94D40 /* Frameworks */ = {
			isa = PBXGroup;
			children = (
				2E35F4C514855D2200C94D40 /* UIKit.framework */,
				2E35F4C714855D2200C94D40 /* Foundation.framework */,
				2E35F4C914855D2200C94D40 /* CoreGraphics.framework */,
			);
			name = Frameworks;
			sourceTree = "<group>";
		};
		2E35F4CB14855D2200C94D40 /* II2300 */ = {
			isa = PBXGroup;
			children = (
				2E35F4D414855D2200C94D40 /* AppDelegate.h */,
				2E35F4D514855D2200C94D40 /* AppDelegate.m */,
				2E35F4D714855D2200C94D40 /* ViewController.h */,
				2E35F4D814855D2200C94D40 /* ViewController.m */,
				2E35F4DA14855D2200C94D40 /* ViewController.xib */,
				2E35F4CC14855D2200C94D40 /* Supporting Files */,
			);
			path = II2300;
			sourceTree = "<group>";
		};
		2E35F4CC14855D2200C94D40 /* Supporting Files */ = {
			isa = PBXGroup;
			children = (
				2E35F4CD14855D2200C94D40 /* II2300-Info.plist */,
				2E35F4CE14855D2200C94D40 /* InfoPlist.strings */,
				2E35F4D114855D2200C94D40 /* main.m */,
				2E35F4D314855D2200C94D40 /* II2300-Prefix.pch */,
			);
			name = "Supporting Files";
			sourceTree = "<group>";
		};
/* End PBXGroup section */

/* Begin PBXNativeTarget section */
		2E35F4C014855D2200C94D40 /* II2300 */ = {
			isa = PBXNativeTarget;
			buildConfigurationList = 2E35F4DF14855D2300C94D40 /* Build configuration list for PBXNativeTarget "II2300" */;
			buildPhases = (
				2E35F4BD14855D2200C94D40 /* Sources */,
				2E35F4BE14855D2200C94D40 /* Frameworks */,
				2E35F4BF14855D2200C94D40 /* Resources */,
			);
			buildRules = (
			);
			dependencies = (
			);
			name = II2300;
			productName = II2300;
			productReference = 2E35F4C114855D2200C94D40 /* II2300.app */;
			productType = "com.apple.product-type.application";
		};
/* End PBXNativeTarget section */

/* Begin PBXProject section */
		2E35F4B814855D2200C94D40 /* Project object */ = {
			isa = PBXProject;
			attributes = {
				LastUpgradeCheck = 0420;
				ORGANIZATIONNAME = fsefsef;
			};
			buildConfigurationList = 2E35F4BB14855D2200C94D40 /* Build configuration list for PBXProject "II2300" */;
			compatibilityVersion = "Xcode 3.2";
			developmentRegion = English;
			hasScannedForEncodings = 0;
			knownRegions = (
				en,
			);
			mainGroup = 2E35F4B614855D2200C94D40;
			productRefGroup = 2E35F4C214855D2200C94D40 /* Products */;
			projectDirPath = "";
			projectRoot = "";
			targets = (
				2E35F4C014855D2200C94D40 /* II2300 */,
			);
		};
/* End PBXProject section */

/* Begin PBXResourcesBuildPhase section */
		2E35F4BF14855D2200C94D40 /* Resources */ = {
			isa = PBXResourcesBuildPhase;
			buildActionMask = 2147483647;
			files = (
				2E35F4D014855D2200C94D40 /* InfoPlist.strings in Resources */,
				2E35F4DC14855D2300C94D40 /* ViewController.xib in Resources */,
			);
			runOnlyForDeploymentPostprocessing = 0;
		};
/* End PBXResourcesBuildPhase section */

/* Begin PBXSourcesBuildPhase section */
		2E35F4BD14855D2200C94D40 /* Sources */ = {
			isa = PBXSourcesBuildPhase;
			buildActionMask = 2147483647;
			files = (
				2E35F4D214855D2200C94D40 /* main.m in Sources */,
				2E35F4D614855D2200C94D40 /* AppDelegate.m in Sources */,
				2E35F4D914855D2200C94D40 /* ViewController.m in Sources */,
			);
			runOnlyForDeploymentPostprocessing = 0;
		};
/* End PBXSourcesBuildPhase section */

/* Begin PBXVariantGroup section */
		2E35F4CE14855D2200C94D40 /* InfoPlist.strings */ = {
			isa = PBXVariantGroup;
			children = (
				2E35F4CF14855D2200C94D40 /* en */,
			);
			name = InfoPlist.strings;
			sourceTree = "<group>";
		};
		2E35F4DA14855D2200C94D40 /* ViewController.xib */ = {
			isa = PBXVariantGroup;
			children = (
				2E35F4DB14855D2200C94D40 /* en */,
			);
			name = ViewController.xib;
			sourceTree = "<group>";
		};
/* End PBXVariantGroup section */

/* Begin XCBuildConfiguration section */
		2E35F4DD14855D2300C94D40 /* Debug */ = {
			isa = XCBuildConfiguration;
			buildSettings = {
				ALWAYS_SEARCH_USER_PATHS = NO;
				ARCHS = "$(ARCHS_STANDARD_32_BIT)";
				CLANG_ENABLE_OBJC_ARC = YES;
				"CODE_SIGN_IDENTITY[sdk=iphoneos*]" = "iPhone Developer";
				COPY_PHASE_STRIP = NO;
				GCC_C_LANGUAGE_STANDARD = gnu99;
				GCC_DYNAMIC_NO_PIC = NO;
				GCC_OPTIMIZATION_LEVEL = 0;
				GCC_PREPROCESSOR_DEFINITIONS = (
					"DEBUG=1",
					"$(inherited)",
				);
				GCC_SYMBOLS_PRIVATE_EXTERN = NO;
				GCC_VERSION = com.apple.compilers.llvm.clang.1_0;
				GCC_WARN_ABOUT_MISSING_PROTOTYPES = YES;
				GCC_WARN_ABOUT_RETURN_TYPE = YES;
				GCC_WARN_UNUSED_VARIABLE = YES;
				IPHONEOS_DEPLOYMENT_TARGET = 5.0;
				SDKROOT = iphoneos;
				TARGETED_DEVICE_FAMILY = 2;
			};
			name = Debug;
		};
		2E35F4DE14855D2300C94D40 /* Release */ = {
			isa = XCBuildConfiguration;
			buildSettings = {
				ALWAYS_SEARCH_USER_PATHS = NO;
				ARCHS = "$(ARCHS_STANDARD_32_BIT)";
				CLANG_ENABLE_OBJC_ARC = YES;
				"CODE_SIGN_IDENTITY[sdk=iphoneos*]" = "iPhone Developer";
				COPY_PHASE_STRIP = YES;
				GCC_C_LANGUAGE_STANDARD = gnu99;
				GCC_VERSION = com.apple.compilers.llvm.clang.1_0;
				GCC_WARN_ABOUT_MISSING_PROTOTYPES = YES;
				GCC_WARN_ABOUT_RETURN_TYPE = YES;
				GCC_WARN_UNUSED_VARIABLE = YES;
				IPHONEOS_DEPLOYMENT_TARGET = 5.0;
				OTHER_CFLAGS = "-DNS_BLOCK_ASSERTIONS=1";
				SDKROOT = iphoneos;
				TARGETED_DEVICE_FAMILY = 2;
				VALIDATE_PRODUCT = YES;
			};
			name = Release;
		};
		2E35F4E014855D2300C94D40 /* Debug */ = {
			isa = XCBuildConfiguration;
			buildSettings = {
				GCC_PRECOMPILE_PREFIX_HEADER = YES;
				GCC_PREFIX_HEADER = "II2300/II2300-Prefix.pch";
				INFOPLIST_FILE = "II2300/II2300-Info.plist";
				PRODUCT_NAME = "$(TARGET_NAME)";
				WRAPPER_EXTENSION = app;
			};
			name = Debug;
		};
		2E35F4E114855D2300C94D40 /* Release */ = {
			isa = XCBuildConfiguration;
			buildSettings = {
				GCC_PRECOMPILE_PREFIX_HEADER = YES;
				GCC_PREFIX_HEADER = "II2300/II2300-Prefix.pch";
				INFOPLIST_FILE = "II2300/II2300-Info.plist";
				PRODUCT_NAME = "$(TARGET_NAME)";
				WRAPPER_EXTENSION = app;
			};
			name = Release;
		};
/* End XCBuildConfiguration section */

/* Begin XCConfigurationList section */
		2E35F4BB14855D2200C94D40 /* Build configuration list for PBXProject "II2300" */ = {
			isa = XCConfigurationList;
			buildConfigurations = (
				2E35F4DD14855D2300C94D40 /* Debug */,
				2E35F4DE14855D2300C94D40 /* Release */,
			);
			defaultConfigurationIsVisible = 0;
			defaultConfigurationName = Release;
		};
		2E35F4DF14855D2300C94D40 /* Build configuration list for PBXNativeTarget "II2300" */ = {
			isa = XCConfigurationList;
			buildConfigurations = (
				2E35F4E014855D2300C94D40 /* Debug */,
				2E35F4E114855D2300C94D40 /* Release */,
			);
			defaultConfigurationIsVisible = 0;
		};
/* End XCConfigurationList section */
	};
	rootObject = 2E35F4B814855D2200C94D40 /* Project object */;
}
