// !$*UTF8*$!
{
	archiveVersion = 1;
	classes = {
	};
	objectVersion = 46;
	objects = {

/* Begin PBXBuildFile section */
		2EBEBDA31487825E0096B808 /* MainMenuViewController.m in Sources */ = {isa = PBXBuildFile; fileRef = 2EBEBDA21487825E0096B808 /* MainMenuViewController.m */; };
		2EBEBDA5148782690096B808 /* MainMenuViewController.xib in Resources */ = {isa = PBXBuildFile; fileRef = 2EBEBDA4148782690096B808 /* MainMenuViewController.xib */; };
		2EBEBDAC148788FD0096B808 /* MainView.xib in Resources */ = {isa = PBXBuildFile; fileRef = 2EBEBDAB148788FD0096B808 /* MainView.xib */; };
		2ED5312A14855E8E00510423 /* UIKit.framework in Frameworks */ = {isa = PBXBuildFile; fileRef = 2ED5312914855E8E00510423 /* UIKit.framework */; };
		2ED5312C14855E8E00510423 /* Foundation.framework in Frameworks */ = {isa = PBXBuildFile; fileRef = 2ED5312B14855E8E00510423 /* Foundation.framework */; };
		2ED5312E14855E8E00510423 /* CoreGraphics.framework in Frameworks */ = {isa = PBXBuildFile; fileRef = 2ED5312D14855E8E00510423 /* CoreGraphics.framework */; };
		2ED5313414855E8E00510423 /* InfoPlist.strings in Resources */ = {isa = PBXBuildFile; fileRef = 2ED5313214855E8E00510423 /* InfoPlist.strings */; };
		2ED5313614855E8E00510423 /* main.m in Sources */ = {isa = PBXBuildFile; fileRef = 2ED5313514855E8E00510423 /* main.m */; };
		2ED5313A14855E8E00510423 /* AppDelegate.m in Sources */ = {isa = PBXBuildFile; fileRef = 2ED5313914855E8E00510423 /* AppDelegate.m */; };
		2ED5314C14867A5E00510423 /* settings.png in Resources */ = {isa = PBXBuildFile; fileRef = 2ED5314B14867A5E00510423 /* settings.png */; };
		2ED5315614868CEE00510423 /* SettingsViewController.xib in Resources */ = {isa = PBXBuildFile; fileRef = 2ED5315514868CEE00510423 /* SettingsViewController.xib */; };
		2ED5315914868CFA00510423 /* SettingsViewController.m in Sources */ = {isa = PBXBuildFile; fileRef = 2ED5315814868CFA00510423 /* SettingsViewController.m */; };
		3F96C8521487ECF400514A15 /* ASIAuthenticationDialog.m in Sources */ = {isa = PBXBuildFile; fileRef = 3F96C82D1487ECF400514A15 /* ASIAuthenticationDialog.m */; };
		3F96C8531487ECF400514A15 /* ASIDataCompressor.m in Sources */ = {isa = PBXBuildFile; fileRef = 3F96C8301487ECF400514A15 /* ASIDataCompressor.m */; };
		3F96C8541487ECF400514A15 /* ASIDataDecompressor.m in Sources */ = {isa = PBXBuildFile; fileRef = 3F96C8321487ECF400514A15 /* ASIDataDecompressor.m */; };
		3F96C8551487ECF400514A15 /* ASIDownloadCache.m in Sources */ = {isa = PBXBuildFile; fileRef = 3F96C8341487ECF400514A15 /* ASIDownloadCache.m */; };
		3F96C8561487ECF400514A15 /* ASIFormDataRequest.m in Sources */ = {isa = PBXBuildFile; fileRef = 3F96C8361487ECF400514A15 /* ASIFormDataRequest.m */; };
		3F96C8571487ECF400514A15 /* ASIHTTPRequest.m in Sources */ = {isa = PBXBuildFile; fileRef = 3F96C8381487ECF400514A15 /* ASIHTTPRequest.m */; };
		3F96C8581487ECF400514A15 /* ASIInputStream.m in Sources */ = {isa = PBXBuildFile; fileRef = 3F96C83C1487ECF400514A15 /* ASIInputStream.m */; };
		3F96C8591487ECF400514A15 /* ASINetworkQueue.m in Sources */ = {isa = PBXBuildFile; fileRef = 3F96C83E1487ECF400514A15 /* ASINetworkQueue.m */; };
		3F96C85A1487ECF400514A15 /* ASIS3ObjectRequest.m in Sources */ = {isa = PBXBuildFile; fileRef = 3F96C8411487ECF400514A15 /* ASIS3ObjectRequest.m */; };
		3F96C85B1487ECF400514A15 /* ASIS3Request.m in Sources */ = {isa = PBXBuildFile; fileRef = 3F96C8431487ECF400514A15 /* ASIS3Request.m */; };
		3F96C85C1487ECF400514A15 /* NSObject+SBJSON.m in Sources */ = {isa = PBXBuildFile; fileRef = 3F96C8471487ECF400514A15 /* NSObject+SBJSON.m */; };
		3F96C85D1487ECF400514A15 /* NSString+SBJSON.m in Sources */ = {isa = PBXBuildFile; fileRef = 3F96C8491487ECF400514A15 /* NSString+SBJSON.m */; };
		3F96C85E1487ECF400514A15 /* SBJSON.m in Sources */ = {isa = PBXBuildFile; fileRef = 3F96C84B1487ECF400514A15 /* SBJSON.m */; };
		3F96C85F1487ECF400514A15 /* SBJsonBase.m in Sources */ = {isa = PBXBuildFile; fileRef = 3F96C84D1487ECF400514A15 /* SBJsonBase.m */; };
		3F96C8601487ECF400514A15 /* SBJsonParser.m in Sources */ = {isa = PBXBuildFile; fileRef = 3F96C84F1487ECF400514A15 /* SBJsonParser.m */; };
		3F96C8611487ECF400514A15 /* SBJsonWriter.m in Sources */ = {isa = PBXBuildFile; fileRef = 3F96C8511487ECF400514A15 /* SBJsonWriter.m */; };
		3F96C8661487ED0700514A15 /* Reachability.m in Sources */ = {isa = PBXBuildFile; fileRef = 3F96C8651487ED0700514A15 /* Reachability.m */; };
		3F96C8681487ED3E00514A15 /* libz.dylib in Frameworks */ = {isa = PBXBuildFile; fileRef = 3F96C8671487ED3E00514A15 /* libz.dylib */; };
		3F96C86A1487ED4A00514A15 /* CoreFoundation.framework in Frameworks */ = {isa = PBXBuildFile; fileRef = 3F96C8691487ED4A00514A15 /* CoreFoundation.framework */; };
		3F96C86C1487ED5200514A15 /* CFNetwork.framework in Frameworks */ = {isa = PBXBuildFile; fileRef = 3F96C86B1487ED5200514A15 /* CFNetwork.framework */; };
		3F96C86E1487ED5B00514A15 /* SystemConfiguration.framework in Frameworks */ = {isa = PBXBuildFile; fileRef = 3F96C86D1487ED5B00514A15 /* SystemConfiguration.framework */; };
		3F96C8701487EDAD00514A15 /* MobileCoreServices.framework in Frameworks */ = {isa = PBXBuildFile; fileRef = 3F96C86F1487EDAD00514A15 /* MobileCoreServices.framework */; };
/* End PBXBuildFile section */

/* Begin PBXFileReference section */
		2EBEBDA11487825E0096B808 /* MainMenuViewController.h */ = {isa = PBXFileReference; fileEncoding = 4; lastKnownFileType = sourcecode.c.h; path = MainMenuViewController.h; sourceTree = "<group>"; };
		2EBEBDA21487825E0096B808 /* MainMenuViewController.m */ = {isa = PBXFileReference; fileEncoding = 4; lastKnownFileType = sourcecode.c.objc; path = MainMenuViewController.m; sourceTree = "<group>"; };
		2EBEBDA4148782690096B808 /* MainMenuViewController.xib */ = {isa = PBXFileReference; fileEncoding = 4; lastKnownFileType = file.xib; path = MainMenuViewController.xib; sourceTree = "<group>"; };
		2EBEBDAB148788FD0096B808 /* MainView.xib */ = {isa = PBXFileReference; fileEncoding = 4; lastKnownFileType = file.xib; path = MainView.xib; sourceTree = "<group>"; };
		2ED5312514855E8E00510423 /* II2300-PRP.app */ = {isa = PBXFileReference; explicitFileType = wrapper.application; includeInIndex = 0; path = "II2300-PRP.app"; sourceTree = BUILT_PRODUCTS_DIR; };
		2ED5312914855E8E00510423 /* UIKit.framework */ = {isa = PBXFileReference; lastKnownFileType = wrapper.framework; name = UIKit.framework; path = System/Library/Frameworks/UIKit.framework; sourceTree = SDKROOT; };
		2ED5312B14855E8E00510423 /* Foundation.framework */ = {isa = PBXFileReference; lastKnownFileType = wrapper.framework; name = Foundation.framework; path = System/Library/Frameworks/Foundation.framework; sourceTree = SDKROOT; };
		2ED5312D14855E8E00510423 /* CoreGraphics.framework */ = {isa = PBXFileReference; lastKnownFileType = wrapper.framework; name = CoreGraphics.framework; path = System/Library/Frameworks/CoreGraphics.framework; sourceTree = SDKROOT; };
		2ED5313114855E8E00510423 /* II2300-PRP-Info.plist */ = {isa = PBXFileReference; lastKnownFileType = text.plist.xml; path = "II2300-PRP-Info.plist"; sourceTree = "<group>"; };
		2ED5313314855E8E00510423 /* en */ = {isa = PBXFileReference; lastKnownFileType = text.plist.strings; name = en; path = en.lproj/InfoPlist.strings; sourceTree = "<group>"; };
		2ED5313514855E8E00510423 /* main.m */ = {isa = PBXFileReference; lastKnownFileType = sourcecode.c.objc; path = main.m; sourceTree = "<group>"; };
		2ED5313714855E8E00510423 /* II2300-PRP-Prefix.pch */ = {isa = PBXFileReference; lastKnownFileType = sourcecode.c.h; path = "II2300-PRP-Prefix.pch"; sourceTree = "<group>"; };
		2ED5313814855E8E00510423 /* AppDelegate.h */ = {isa = PBXFileReference; lastKnownFileType = sourcecode.c.h; name = AppDelegate.h; path = "II2300-PRP/AppDelegate.h"; sourceTree = "<group>"; };
		2ED5313914855E8E00510423 /* AppDelegate.m */ = {isa = PBXFileReference; lastKnownFileType = sourcecode.c.objc; name = AppDelegate.m; path = "II2300-PRP/AppDelegate.m"; sourceTree = "<group>"; };
		2ED5314B14867A5E00510423 /* settings.png */ = {isa = PBXFileReference; lastKnownFileType = image.png; path = settings.png; sourceTree = "<group>"; };
		2ED5315514868CEE00510423 /* SettingsViewController.xib */ = {isa = PBXFileReference; fileEncoding = 4; lastKnownFileType = file.xib; path = SettingsViewController.xib; sourceTree = "<group>"; };
		2ED5315714868CFA00510423 /* SettingsViewController.h */ = {isa = PBXFileReference; fileEncoding = 4; lastKnownFileType = sourcecode.c.h; path = SettingsViewController.h; sourceTree = "<group>"; };
		2ED5315814868CFA00510423 /* SettingsViewController.m */ = {isa = PBXFileReference; fileEncoding = 4; lastKnownFileType = sourcecode.c.objc; path = SettingsViewController.m; sourceTree = "<group>"; };
		3F96C82C1487ECF400514A15 /* ASIAuthenticationDialog.h */ = {isa = PBXFileReference; fileEncoding = 4; lastKnownFileType = sourcecode.c.h; path = ASIAuthenticationDialog.h; sourceTree = "<group>"; };
		3F96C82D1487ECF400514A15 /* ASIAuthenticationDialog.m */ = {isa = PBXFileReference; fileEncoding = 4; lastKnownFileType = sourcecode.c.objc; path = ASIAuthenticationDialog.m; sourceTree = "<group>"; };
		3F96C82E1487ECF400514A15 /* ASICacheDelegate.h */ = {isa = PBXFileReference; fileEncoding = 4; lastKnownFileType = sourcecode.c.h; path = ASICacheDelegate.h; sourceTree = "<group>"; };
		3F96C82F1487ECF400514A15 /* ASIDataCompressor.h */ = {isa = PBXFileReference; fileEncoding = 4; lastKnownFileType = sourcecode.c.h; path = ASIDataCompressor.h; sourceTree = "<group>"; };
		3F96C8301487ECF400514A15 /* ASIDataCompressor.m */ = {isa = PBXFileReference; fileEncoding = 4; lastKnownFileType = sourcecode.c.objc; path = ASIDataCompressor.m; sourceTree = "<group>"; };
		3F96C8311487ECF400514A15 /* ASIDataDecompressor.h */ = {isa = PBXFileReference; fileEncoding = 4; lastKnownFileType = sourcecode.c.h; path = ASIDataDecompressor.h; sourceTree = "<group>"; };
		3F96C8321487ECF400514A15 /* ASIDataDecompressor.m */ = {isa = PBXFileReference; fileEncoding = 4; lastKnownFileType = sourcecode.c.objc; path = ASIDataDecompressor.m; sourceTree = "<group>"; };
		3F96C8331487ECF400514A15 /* ASIDownloadCache.h */ = {isa = PBXFileReference; fileEncoding = 4; lastKnownFileType = sourcecode.c.h; path = ASIDownloadCache.h; sourceTree = "<group>"; };
		3F96C8341487ECF400514A15 /* ASIDownloadCache.m */ = {isa = PBXFileReference; fileEncoding = 4; lastKnownFileType = sourcecode.c.objc; path = ASIDownloadCache.m; sourceTree = "<group>"; };
		3F96C8351487ECF400514A15 /* ASIFormDataRequest.h */ = {isa = PBXFileReference; fileEncoding = 4; lastKnownFileType = sourcecode.c.h; path = ASIFormDataRequest.h; sourceTree = "<group>"; };
		3F96C8361487ECF400514A15 /* ASIFormDataRequest.m */ = {isa = PBXFileReference; fileEncoding = 4; lastKnownFileType = sourcecode.c.objc; path = ASIFormDataRequest.m; sourceTree = "<group>"; };
		3F96C8371487ECF400514A15 /* ASIHTTPRequest.h */ = {isa = PBXFileReference; fileEncoding = 4; lastKnownFileType = sourcecode.c.h; path = ASIHTTPRequest.h; sourceTree = "<group>"; };
		3F96C8381487ECF400514A15 /* ASIHTTPRequest.m */ = {isa = PBXFileReference; fileEncoding = 4; lastKnownFileType = sourcecode.c.objc; path = ASIHTTPRequest.m; sourceTree = "<group>"; };
		3F96C8391487ECF400514A15 /* ASIHTTPRequestConfig.h */ = {isa = PBXFileReference; fileEncoding = 4; lastKnownFileType = sourcecode.c.h; path = ASIHTTPRequestConfig.h; sourceTree = "<group>"; };
		3F96C83A1487ECF400514A15 /* ASIHTTPRequestDelegate.h */ = {isa = PBXFileReference; fileEncoding = 4; lastKnownFileType = sourcecode.c.h; path = ASIHTTPRequestDelegate.h; sourceTree = "<group>"; };
		3F96C83B1487ECF400514A15 /* ASIInputStream.h */ = {isa = PBXFileReference; fileEncoding = 4; lastKnownFileType = sourcecode.c.h; path = ASIInputStream.h; sourceTree = "<group>"; };
		3F96C83C1487ECF400514A15 /* ASIInputStream.m */ = {isa = PBXFileReference; fileEncoding = 4; lastKnownFileType = sourcecode.c.objc; path = ASIInputStream.m; sourceTree = "<group>"; };
		3F96C83D1487ECF400514A15 /* ASINetworkQueue.h */ = {isa = PBXFileReference; fileEncoding = 4; lastKnownFileType = sourcecode.c.h; path = ASINetworkQueue.h; sourceTree = "<group>"; };
		3F96C83E1487ECF400514A15 /* ASINetworkQueue.m */ = {isa = PBXFileReference; fileEncoding = 4; lastKnownFileType = sourcecode.c.objc; path = ASINetworkQueue.m; sourceTree = "<group>"; };
		3F96C83F1487ECF400514A15 /* ASIProgressDelegate.h */ = {isa = PBXFileReference; fileEncoding = 4; lastKnownFileType = sourcecode.c.h; path = ASIProgressDelegate.h; sourceTree = "<group>"; };
		3F96C8401487ECF400514A15 /* ASIS3ObjectRequest.h */ = {isa = PBXFileReference; fileEncoding = 4; lastKnownFileType = sourcecode.c.h; path = ASIS3ObjectRequest.h; sourceTree = "<group>"; };
		3F96C8411487ECF400514A15 /* ASIS3ObjectRequest.m */ = {isa = PBXFileReference; fileEncoding = 4; lastKnownFileType = sourcecode.c.objc; path = ASIS3ObjectRequest.m; sourceTree = "<group>"; };
		3F96C8421487ECF400514A15 /* ASIS3Request.h */ = {isa = PBXFileReference; fileEncoding = 4; lastKnownFileType = sourcecode.c.h; path = ASIS3Request.h; sourceTree = "<group>"; };
		3F96C8431487ECF400514A15 /* ASIS3Request.m */ = {isa = PBXFileReference; fileEncoding = 4; lastKnownFileType = sourcecode.c.objc; path = ASIS3Request.m; sourceTree = "<group>"; };
		3F96C8451487ECF400514A15 /* JSON.h */ = {isa = PBXFileReference; fileEncoding = 4; lastKnownFileType = sourcecode.c.h; path = JSON.h; sourceTree = "<group>"; };
		3F96C8461487ECF400514A15 /* NSObject+SBJSON.h */ = {isa = PBXFileReference; fileEncoding = 4; lastKnownFileType = sourcecode.c.h; path = "NSObject+SBJSON.h"; sourceTree = "<group>"; };
		3F96C8471487ECF400514A15 /* NSObject+SBJSON.m */ = {isa = PBXFileReference; fileEncoding = 4; lastKnownFileType = sourcecode.c.objc; path = "NSObject+SBJSON.m"; sourceTree = "<group>"; };
		3F96C8481487ECF400514A15 /* NSString+SBJSON.h */ = {isa = PBXFileReference; fileEncoding = 4; lastKnownFileType = sourcecode.c.h; path = "NSString+SBJSON.h"; sourceTree = "<group>"; };
		3F96C8491487ECF400514A15 /* NSString+SBJSON.m */ = {isa = PBXFileReference; fileEncoding = 4; lastKnownFileType = sourcecode.c.objc; path = "NSString+SBJSON.m"; sourceTree = "<group>"; };
		3F96C84A1487ECF400514A15 /* SBJSON.h */ = {isa = PBXFileReference; fileEncoding = 4; lastKnownFileType = sourcecode.c.h; path = SBJSON.h; sourceTree = "<group>"; };
		3F96C84B1487ECF400514A15 /* SBJSON.m */ = {isa = PBXFileReference; fileEncoding = 4; lastKnownFileType = sourcecode.c.objc; path = SBJSON.m; sourceTree = "<group>"; };
		3F96C84C1487ECF400514A15 /* SBJsonBase.h */ = {isa = PBXFileReference; fileEncoding = 4; lastKnownFileType = sourcecode.c.h; path = SBJsonBase.h; sourceTree = "<group>"; };
		3F96C84D1487ECF400514A15 /* SBJsonBase.m */ = {isa = PBXFileReference; fileEncoding = 4; lastKnownFileType = sourcecode.c.objc; path = SBJsonBase.m; sourceTree = "<group>"; };
		3F96C84E1487ECF400514A15 /* SBJsonParser.h */ = {isa = PBXFileReference; fileEncoding = 4; lastKnownFileType = sourcecode.c.h; path = SBJsonParser.h; sourceTree = "<group>"; };
		3F96C84F1487ECF400514A15 /* SBJsonParser.m */ = {isa = PBXFileReference; fileEncoding = 4; lastKnownFileType = sourcecode.c.objc; path = SBJsonParser.m; sourceTree = "<group>"; };
		3F96C8501487ECF400514A15 /* SBJsonWriter.h */ = {isa = PBXFileReference; fileEncoding = 4; lastKnownFileType = sourcecode.c.h; path = SBJsonWriter.h; sourceTree = "<group>"; };
		3F96C8511487ECF400514A15 /* SBJsonWriter.m */ = {isa = PBXFileReference; fileEncoding = 4; lastKnownFileType = sourcecode.c.objc; path = SBJsonWriter.m; sourceTree = "<group>"; };
		3F96C8641487ED0700514A15 /* Reachability.h */ = {isa = PBXFileReference; fileEncoding = 4; lastKnownFileType = sourcecode.c.h; path = Reachability.h; sourceTree = "<group>"; };
		3F96C8651487ED0700514A15 /* Reachability.m */ = {isa = PBXFileReference; fileEncoding = 4; lastKnownFileType = sourcecode.c.objc; path = Reachability.m; sourceTree = "<group>"; };
		3F96C8671487ED3E00514A15 /* libz.dylib */ = {isa = PBXFileReference; lastKnownFileType = "compiled.mach-o.dylib"; name = libz.dylib; path = usr/lib/libz.dylib; sourceTree = SDKROOT; };
		3F96C8691487ED4A00514A15 /* CoreFoundation.framework */ = {isa = PBXFileReference; lastKnownFileType = wrapper.framework; name = CoreFoundation.framework; path = System/Library/Frameworks/CoreFoundation.framework; sourceTree = SDKROOT; };
		3F96C86B1487ED5200514A15 /* CFNetwork.framework */ = {isa = PBXFileReference; lastKnownFileType = wrapper.framework; name = CFNetwork.framework; path = System/Library/Frameworks/CFNetwork.framework; sourceTree = SDKROOT; };
		3F96C86D1487ED5B00514A15 /* SystemConfiguration.framework */ = {isa = PBXFileReference; lastKnownFileType = wrapper.framework; name = SystemConfiguration.framework; path = System/Library/Frameworks/SystemConfiguration.framework; sourceTree = SDKROOT; };
		3F96C86F1487EDAD00514A15 /* MobileCoreServices.framework */ = {isa = PBXFileReference; lastKnownFileType = wrapper.framework; name = MobileCoreServices.framework; path = System/Library/Frameworks/MobileCoreServices.framework; sourceTree = SDKROOT; };
/* End PBXFileReference section */

/* Begin PBXFrameworksBuildPhase section */
		2ED5312214855E8E00510423 /* Frameworks */ = {
			isa = PBXFrameworksBuildPhase;
			buildActionMask = 2147483647;
			files = (
				3F96C8701487EDAD00514A15 /* MobileCoreServices.framework in Frameworks */,
				3F96C86E1487ED5B00514A15 /* SystemConfiguration.framework in Frameworks */,
				3F96C86C1487ED5200514A15 /* CFNetwork.framework in Frameworks */,
				3F96C86A1487ED4A00514A15 /* CoreFoundation.framework in Frameworks */,
				3F96C8681487ED3E00514A15 /* libz.dylib in Frameworks */,
				2ED5312A14855E8E00510423 /* UIKit.framework in Frameworks */,
				2ED5312C14855E8E00510423 /* Foundation.framework in Frameworks */,
				2ED5312E14855E8E00510423 /* CoreGraphics.framework in Frameworks */,
			);
			runOnlyForDeploymentPostprocessing = 0;
		};
/* End PBXFrameworksBuildPhase section */

/* Begin PBXGroup section */
		2ED5311A14855E8E00510423 = {
			isa = PBXGroup;
			children = (
				2ED5313814855E8E00510423 /* AppDelegate.h */,
				2ED5313914855E8E00510423 /* AppDelegate.m */,
				3F96C8631487ED0700514A15 /* Reachability */,
				3F96C82B1487ECF400514A15 /* ASIHTTPRequest */,
				3F96C8441487ECF400514A15 /* JSON */,
				F42A0E6914862FA7008BD272 /* Controllers */,
				F42A0E6D14862FAE008BD272 /* Views */,
				2ED5313014855E8E00510423 /* Supporting Files */,
				2ED5314A14867A5E00510423 /* Resources */,
				2ED5312814855E8E00510423 /* Frameworks */,
				2ED5312614855E8E00510423 /* Products */,
			);
			sourceTree = "<group>";
		};
		2ED5312614855E8E00510423 /* Products */ = {
			isa = PBXGroup;
			children = (
				2ED5312514855E8E00510423 /* II2300-PRP.app */,
			);
			name = Products;
			sourceTree = "<group>";
		};
		2ED5312814855E8E00510423 /* Frameworks */ = {
			isa = PBXGroup;
			children = (
				3F96C8671487ED3E00514A15 /* libz.dylib */,
				3F96C86F1487EDAD00514A15 /* MobileCoreServices.framework */,
				3F96C86D1487ED5B00514A15 /* SystemConfiguration.framework */,
				3F96C86B1487ED5200514A15 /* CFNetwork.framework */,
				3F96C8691487ED4A00514A15 /* CoreFoundation.framework */,
				2ED5312914855E8E00510423 /* UIKit.framework */,
				2ED5312B14855E8E00510423 /* Foundation.framework */,
				2ED5312D14855E8E00510423 /* CoreGraphics.framework */,
			);
			name = Frameworks;
			sourceTree = "<group>";
		};
		2ED5313014855E8E00510423 /* Supporting Files */ = {
			isa = PBXGroup;
			children = (
				2ED5313114855E8E00510423 /* II2300-PRP-Info.plist */,
				2ED5313214855E8E00510423 /* InfoPlist.strings */,
				2ED5313514855E8E00510423 /* main.m */,
				2ED5313714855E8E00510423 /* II2300-PRP-Prefix.pch */,
			);
			name = "Supporting Files";
			path = "II2300-PRP";
			sourceTree = "<group>";
		};
		2ED5314A14867A5E00510423 /* Resources */ = {
			isa = PBXGroup;
			children = (
				2ED5314B14867A5E00510423 /* settings.png */,
			);
			name = Resources;
			path = "II2300-PRP/Resources";
			sourceTree = "<group>";
		};
		3F96C82B1487ECF400514A15 /* ASIHTTPRequest */ = {
			isa = PBXGroup;
			children = (
				3F96C82C1487ECF400514A15 /* ASIAuthenticationDialog.h */,
				3F96C82D1487ECF400514A15 /* ASIAuthenticationDialog.m */,
				3F96C82E1487ECF400514A15 /* ASICacheDelegate.h */,
				3F96C82F1487ECF400514A15 /* ASIDataCompressor.h */,
				3F96C8301487ECF400514A15 /* ASIDataCompressor.m */,
				3F96C8311487ECF400514A15 /* ASIDataDecompressor.h */,
				3F96C8321487ECF400514A15 /* ASIDataDecompressor.m */,
				3F96C8331487ECF400514A15 /* ASIDownloadCache.h */,
				3F96C8341487ECF400514A15 /* ASIDownloadCache.m */,
				3F96C8351487ECF400514A15 /* ASIFormDataRequest.h */,
				3F96C8361487ECF400514A15 /* ASIFormDataRequest.m */,
				3F96C8371487ECF400514A15 /* ASIHTTPRequest.h */,
				3F96C8381487ECF400514A15 /* ASIHTTPRequest.m */,
				3F96C8391487ECF400514A15 /* ASIHTTPRequestConfig.h */,
				3F96C83A1487ECF400514A15 /* ASIHTTPRequestDelegate.h */,
				3F96C83B1487ECF400514A15 /* ASIInputStream.h */,
				3F96C83C1487ECF400514A15 /* ASIInputStream.m */,
				3F96C83D1487ECF400514A15 /* ASINetworkQueue.h */,
				3F96C83E1487ECF400514A15 /* ASINetworkQueue.m */,
				3F96C83F1487ECF400514A15 /* ASIProgressDelegate.h */,
				3F96C8401487ECF400514A15 /* ASIS3ObjectRequest.h */,
				3F96C8411487ECF400514A15 /* ASIS3ObjectRequest.m */,
				3F96C8421487ECF400514A15 /* ASIS3Request.h */,
				3F96C8431487ECF400514A15 /* ASIS3Request.m */,
			);
			path = ASIHTTPRequest;
			sourceTree = "<group>";
		};
		3F96C8441487ECF400514A15 /* JSON */ = {
			isa = PBXGroup;
			children = (
				3F96C8451487ECF400514A15 /* JSON.h */,
				3F96C8461487ECF400514A15 /* NSObject+SBJSON.h */,
				3F96C8471487ECF400514A15 /* NSObject+SBJSON.m */,
				3F96C8481487ECF400514A15 /* NSString+SBJSON.h */,
				3F96C8491487ECF400514A15 /* NSString+SBJSON.m */,
				3F96C84A1487ECF400514A15 /* SBJSON.h */,
				3F96C84B1487ECF400514A15 /* SBJSON.m */,
				3F96C84C1487ECF400514A15 /* SBJsonBase.h */,
				3F96C84D1487ECF400514A15 /* SBJsonBase.m */,
				3F96C84E1487ECF400514A15 /* SBJsonParser.h */,
				3F96C84F1487ECF400514A15 /* SBJsonParser.m */,
				3F96C8501487ECF400514A15 /* SBJsonWriter.h */,
				3F96C8511487ECF400514A15 /* SBJsonWriter.m */,
			);
			path = JSON;
			sourceTree = "<group>";
		};
		3F96C8631487ED0700514A15 /* Reachability */ = {
			isa = PBXGroup;
			children = (
				3F96C8641487ED0700514A15 /* Reachability.h */,
				3F96C8651487ED0700514A15 /* Reachability.m */,
			);
			path = Reachability;
			sourceTree = "<group>";
		};
		F42A0E6914862FA7008BD272 /* Controllers */ = {
			isa = PBXGroup;
			children = (
				2EBEBDA11487825E0096B808 /* MainMenuViewController.h */,
				2EBEBDA21487825E0096B808 /* MainMenuViewController.m */,
				2ED5315714868CFA00510423 /* SettingsViewController.h */,
				2ED5315814868CFA00510423 /* SettingsViewController.m */,
			);
			name = Controllers;
			path = "II2300-PRP/Controllers";
			sourceTree = "<group>";
		};
		F42A0E6D14862FAE008BD272 /* Views */ = {
			isa = PBXGroup;
			children = (
				2EBEBDAB148788FD0096B808 /* MainView.xib */,
				2EBEBDA4148782690096B808 /* MainMenuViewController.xib */,
				2ED5315514868CEE00510423 /* SettingsViewController.xib */,
			);
			name = Views;
			path = "II2300-PRP/Views";
			sourceTree = "<group>";
		};
/* End PBXGroup section */

/* Begin PBXNativeTarget section */
		2ED5312414855E8E00510423 /* II2300-PRP */ = {
			isa = PBXNativeTarget;
			buildConfigurationList = 2ED5314314855E8E00510423 /* Build configuration list for PBXNativeTarget "II2300-PRP" */;
			buildPhases = (
				2ED5312114855E8E00510423 /* Sources */,
				2ED5312214855E8E00510423 /* Frameworks */,
				2ED5312314855E8E00510423 /* Resources */,
			);
			buildRules = (
			);
			dependencies = (
			);
			name = "II2300-PRP";
			productName = "II2300-PRP";
			productReference = 2ED5312514855E8E00510423 /* II2300-PRP.app */;
			productType = "com.apple.product-type.application";
		};
/* End PBXNativeTarget section */

/* Begin PBXProject section */
		2ED5311C14855E8E00510423 /* Project object */ = {
			isa = PBXProject;
			attributes = {
				LastUpgradeCheck = 0420;
				ORGANIZATIONNAME = fsefsef;
			};
			buildConfigurationList = 2ED5311F14855E8E00510423 /* Build configuration list for PBXProject "II2300-PRP" */;
			compatibilityVersion = "Xcode 3.2";
			developmentRegion = English;
			hasScannedForEncodings = 0;
			knownRegions = (
				en,
			);
			mainGroup = 2ED5311A14855E8E00510423;
			productRefGroup = 2ED5312614855E8E00510423 /* Products */;
			projectDirPath = "";
			projectRoot = "";
			targets = (
				2ED5312414855E8E00510423 /* II2300-PRP */,
			);
		};
/* End PBXProject section */

/* Begin PBXResourcesBuildPhase section */
		2ED5312314855E8E00510423 /* Resources */ = {
			isa = PBXResourcesBuildPhase;
			buildActionMask = 2147483647;
			files = (
				2ED5313414855E8E00510423 /* InfoPlist.strings in Resources */,
				2ED5314C14867A5E00510423 /* settings.png in Resources */,
				2ED5315614868CEE00510423 /* SettingsViewController.xib in Resources */,
				2EBEBDA5148782690096B808 /* MainMenuViewController.xib in Resources */,
				2EBEBDAC148788FD0096B808 /* MainView.xib in Resources */,
			);
			runOnlyForDeploymentPostprocessing = 0;
		};
/* End PBXResourcesBuildPhase section */

/* Begin PBXSourcesBuildPhase section */
		2ED5312114855E8E00510423 /* Sources */ = {
			isa = PBXSourcesBuildPhase;
			buildActionMask = 2147483647;
			files = (
				2ED5313614855E8E00510423 /* main.m in Sources */,
				2ED5313A14855E8E00510423 /* AppDelegate.m in Sources */,
				2ED5315914868CFA00510423 /* SettingsViewController.m in Sources */,
				2EBEBDA31487825E0096B808 /* MainMenuViewController.m in Sources */,
				3F96C8521487ECF400514A15 /* ASIAuthenticationDialog.m in Sources */,
				3F96C8531487ECF400514A15 /* ASIDataCompressor.m in Sources */,
				3F96C8541487ECF400514A15 /* ASIDataDecompressor.m in Sources */,
				3F96C8551487ECF400514A15 /* ASIDownloadCache.m in Sources */,
				3F96C8561487ECF400514A15 /* ASIFormDataRequest.m in Sources */,
				3F96C8571487ECF400514A15 /* ASIHTTPRequest.m in Sources */,
				3F96C8581487ECF400514A15 /* ASIInputStream.m in Sources */,
				3F96C8591487ECF400514A15 /* ASINetworkQueue.m in Sources */,
				3F96C85A1487ECF400514A15 /* ASIS3ObjectRequest.m in Sources */,
				3F96C85B1487ECF400514A15 /* ASIS3Request.m in Sources */,
				3F96C85C1487ECF400514A15 /* NSObject+SBJSON.m in Sources */,
				3F96C85D1487ECF400514A15 /* NSString+SBJSON.m in Sources */,
				3F96C85E1487ECF400514A15 /* SBJSON.m in Sources */,
				3F96C85F1487ECF400514A15 /* SBJsonBase.m in Sources */,
				3F96C8601487ECF400514A15 /* SBJsonParser.m in Sources */,
				3F96C8611487ECF400514A15 /* SBJsonWriter.m in Sources */,
				3F96C8661487ED0700514A15 /* Reachability.m in Sources */,
			);
			runOnlyForDeploymentPostprocessing = 0;
		};
/* End PBXSourcesBuildPhase section */

/* Begin PBXVariantGroup section */
		2ED5313214855E8E00510423 /* InfoPlist.strings */ = {
			isa = PBXVariantGroup;
			children = (
				2ED5313314855E8E00510423 /* en */,
			);
			name = InfoPlist.strings;
			sourceTree = "<group>";
		};
/* End PBXVariantGroup section */

/* Begin XCBuildConfiguration section */
		2ED5314114855E8E00510423 /* Debug */ = {
			isa = XCBuildConfiguration;
			buildSettings = {
				ALWAYS_SEARCH_USER_PATHS = NO;
				ARCHS = "$(ARCHS_STANDARD_32_BIT)";
				CLANG_ENABLE_OBJC_ARC = NO;
				"CODE_SIGN_IDENTITY[sdk=iphoneos*]" = "iPhone Developer";
				COPY_PHASE_STRIP = NO;
				GCC_C_LANGUAGE_STANDARD = gnu99;
				GCC_DYNAMIC_NO_PIC = NO;
				GCC_OPTIMIZATION_LEVEL = 0;
				GCC_PREPROCESSOR_DEFINITIONS = (
					"DEBUG=1",
					"$(inherited)",
				);
				GCC_SYMBOLS_PRIVATE_EXTERN = NO;
				GCC_VERSION = com.apple.compilers.llvm.clang.1_0;
				GCC_WARN_ABOUT_MISSING_PROTOTYPES = YES;
				GCC_WARN_ABOUT_RETURN_TYPE = YES;
				GCC_WARN_UNUSED_VARIABLE = YES;
				IPHONEOS_DEPLOYMENT_TARGET = 5.0;
				SDKROOT = iphoneos;
				TARGETED_DEVICE_FAMILY = 2;
			};
			name = Debug;
		};
		2ED5314214855E8E00510423 /* Release */ = {
			isa = XCBuildConfiguration;
			buildSettings = {
				ALWAYS_SEARCH_USER_PATHS = NO;
				ARCHS = "$(ARCHS_STANDARD_32_BIT)";
				CLANG_ENABLE_OBJC_ARC = NO;
				"CODE_SIGN_IDENTITY[sdk=iphoneos*]" = "iPhone Developer";
				COPY_PHASE_STRIP = YES;
				GCC_C_LANGUAGE_STANDARD = gnu99;
				GCC_VERSION = com.apple.compilers.llvm.clang.1_0;
				GCC_WARN_ABOUT_MISSING_PROTOTYPES = YES;
				GCC_WARN_ABOUT_RETURN_TYPE = YES;
				GCC_WARN_UNUSED_VARIABLE = YES;
				IPHONEOS_DEPLOYMENT_TARGET = 5.0;
				OTHER_CFLAGS = "-DNS_BLOCK_ASSERTIONS=1";
				SDKROOT = iphoneos;
				TARGETED_DEVICE_FAMILY = 2;
				VALIDATE_PRODUCT = YES;
			};
			name = Release;
		};
		2ED5314414855E8E00510423 /* Debug */ = {
			isa = XCBuildConfiguration;
			buildSettings = {
				GCC_PRECOMPILE_PREFIX_HEADER = YES;
				GCC_PREFIX_HEADER = "II2300-PRP/II2300-PRP-Prefix.pch";
				INFOPLIST_FILE = "II2300-PRP/II2300-PRP-Info.plist";
				IPHONEOS_DEPLOYMENT_TARGET = 4.0;
				PRODUCT_NAME = "$(TARGET_NAME)";
				WRAPPER_EXTENSION = app;
			};
			name = Debug;
		};
		2ED5314514855E8E00510423 /* Release */ = {
			isa = XCBuildConfiguration;
			buildSettings = {
				GCC_PRECOMPILE_PREFIX_HEADER = YES;
				GCC_PREFIX_HEADER = "II2300-PRP/II2300-PRP-Prefix.pch";
				INFOPLIST_FILE = "II2300-PRP/II2300-PRP-Info.plist";
				IPHONEOS_DEPLOYMENT_TARGET = 4.0;
				PRODUCT_NAME = "$(TARGET_NAME)";
				WRAPPER_EXTENSION = app;
			};
			name = Release;
		};
/* End XCBuildConfiguration section */

/* Begin XCConfigurationList section */
		2ED5311F14855E8E00510423 /* Build configuration list for PBXProject "II2300-PRP" */ = {
			isa = XCConfigurationList;
			buildConfigurations = (
				2ED5314114855E8E00510423 /* Debug */,
				2ED5314214855E8E00510423 /* Release */,
			);
			defaultConfigurationIsVisible = 0;
			defaultConfigurationName = Release;
		};
		2ED5314314855E8E00510423 /* Build configuration list for PBXNativeTarget "II2300-PRP" */ = {
			isa = XCConfigurationList;
			buildConfigurations = (
				2ED5314414855E8E00510423 /* Debug */,
				2ED5314514855E8E00510423 /* Release */,
			);
			defaultConfigurationIsVisible = 0;
			defaultConfigurationName = Release;
		};
/* End XCConfigurationList section */
	};
	rootObject = 2ED5311C14855E8E00510423 /* Project object */;
}
